{
  "pins" : [
    {
      "identity" : "flipperpluginutils",
      "kind" : "remoteSourceControl",
      "location" : "git@github.com:MyUNiDAYS/FlipperPluginUtils.git",
      "state" : {
        "revision" : "f68ac6cc7954867b4ea9d9fa13be5995174c4929",
        "version" : "0.0.1"
      }
    }
  ],
  "version" : 2
}
